// !$*UTF8*$!
{
	archiveVersion = 1;
	classes = {
	};
	objectVersion = 50;
	objects = {

/* Begin PBXBuildFile section */
		9F0062252192D184002C7DBC /* AppDelegate.m in Sources */ = {isa = PBXBuildFile; fileRef = 9F0062242192D184002C7DBC /* AppDelegate.m */; };
		9F0062282192D184002C7DBC /* ViewController.m in Sources */ = {isa = PBXBuildFile; fileRef = 9F0062272192D184002C7DBC /* ViewController.m */; };
		9F00622B2192D184002C7DBC /* Main.storyboard in Resources */ = {isa = PBXBuildFile; fileRef = 9F0062292192D184002C7DBC /* Main.storyboard */; };
		9F00622D2192D184002C7DBC /* Assets.xcassets in Resources */ = {isa = PBXBuildFile; fileRef = 9F00622C2192D184002C7DBC /* Assets.xcassets */; };
		9F0062302192D184002C7DBC /* LaunchScreen.storyboard in Resources */ = {isa = PBXBuildFile; fileRef = 9F00622E2192D184002C7DBC /* LaunchScreen.storyboard */; };
		9F0062332192D184002C7DBC /* main.m in Sources */ = {isa = PBXBuildFile; fileRef = 9F0062322192D184002C7DBC /* main.m */; };
		9F00624B2192DC76002C7DBC /* ToolButton.m in Sources */ = {isa = PBXBuildFile; fileRef = 9F00623D2192DC75002C7DBC /* ToolButton.m */; };
		9F00624C2192DC76002C7DBC /* NavTarView.m in Sources */ = {isa = PBXBuildFile; fileRef = 9F00623F2192DC75002C7DBC /* NavTarView.m */; };
		9F00624D2192DC76002C7DBC /* MenuBtnView.m in Sources */ = {isa = PBXBuildFile; fileRef = 9F0062412192DC75002C7DBC /* MenuBtnView.m */; };
		9F00624E2192DC76002C7DBC /* ToolView.m in Sources */ = {isa = PBXBuildFile; fileRef = 9F0062452192DC75002C7DBC /* ToolView.m */; };
		9F00624F2192DC76002C7DBC /* MenuView.m in Sources */ = {isa = PBXBuildFile; fileRef = 9F0062462192DC76002C7DBC /* MenuView.m */; };
		9F0062502192DC76002C7DBC /* MoreToolView.m in Sources */ = {isa = PBXBuildFile; fileRef = 9F0062492192DC76002C7DBC /* MoreToolView.m */; };
		9F0062512192DC76002C7DBC /* MoreToolCell.m in Sources */ = {isa = PBXBuildFile; fileRef = 9F00624A2192DC76002C7DBC /* MoreToolCell.m */; };
		9F0062602192DCA2002C7DBC /* TBCityIconFont.m in Sources */ = {isa = PBXBuildFile; fileRef = 9F0062542192DCA2002C7DBC /* TBCityIconFont.m */; };
		9F0062612192DCA2002C7DBC /* TBCityIconInfo.m in Sources */ = {isa = PBXBuildFile; fileRef = 9F0062552192DCA2002C7DBC /* TBCityIconInfo.m */; };
		9F0062622192DCA2002C7DBC /* UIImage+TBCityIconFont.m in Sources */ = {isa = PBXBuildFile; fileRef = 9F0062562192DCA2002C7DBC /* UIImage+TBCityIconFont.m */; };
		9F0062632192DCA2002C7DBC /* FSCustomButton.m in Sources */ = {isa = PBXBuildFile; fileRef = 9F00625E2192DCA2002C7DBC /* FSCustomButton.m */; };
		9F0062642192DCA2002C7DBC /* CALayer+FSUI.m in Sources */ = {isa = PBXBuildFile; fileRef = 9F00625F2192DCA2002C7DBC /* CALayer+FSUI.m */; };
/* End PBXBuildFile section */

/* Begin PBXFileReference section */
		9F0062202192D184002C7DBC /* THUIDemo.app */ = {isa = PBXFileReference; explicitFileType = wrapper.application; includeInIndex = 0; path = THUIDemo.app; sourceTree = BUILT_PRODUCTS_DIR; };
		9F0062232192D184002C7DBC /* AppDelegate.h */ = {isa = PBXFileReference; lastKnownFileType = sourcecode.c.h; path = AppDelegate.h; sourceTree = "<group>"; };
		9F0062242192D184002C7DBC /* AppDelegate.m */ = {isa = PBXFileReference; lastKnownFileType = sourcecode.c.objc; path = AppDelegate.m; sourceTree = "<group>"; };
		9F0062262192D184002C7DBC /* ViewController.h */ = {isa = PBXFileReference; lastKnownFileType = sourcecode.c.h; path = ViewController.h; sourceTree = "<group>"; };
		9F0062272192D184002C7DBC /* ViewController.m */ = {isa = PBXFileReference; lastKnownFileType = sourcecode.c.objc; path = ViewController.m; sourceTree = "<group>"; };
		9F00622A2192D184002C7DBC /* Base */ = {isa = PBXFileReference; lastKnownFileType = file.storyboard; name = Base; path = Base.lproj/Main.storyboard; sourceTree = "<group>"; };
		9F00622C2192D184002C7DBC /* Assets.xcassets */ = {isa = PBXFileReference; lastKnownFileType = folder.assetcatalog; path = Assets.xcassets; sourceTree = "<group>"; };
		9F00622F2192D184002C7DBC /* Base */ = {isa = PBXFileReference; lastKnownFileType = file.storyboard; name = Base; path = Base.lproj/LaunchScreen.storyboard; sourceTree = "<group>"; };
		9F0062312192D184002C7DBC /* Info.plist */ = {isa = PBXFileReference; lastKnownFileType = text.plist.xml; path = Info.plist; sourceTree = "<group>"; };
		9F0062322192D184002C7DBC /* main.m */ = {isa = PBXFileReference; lastKnownFileType = sourcecode.c.objc; path = main.m; sourceTree = "<group>"; };
		9F00623D2192DC75002C7DBC /* ToolButton.m */ = {isa = PBXFileReference; fileEncoding = 4; lastKnownFileType = sourcecode.c.objc; path = ToolButton.m; sourceTree = "<group>"; };
		9F00623E2192DC75002C7DBC /* MoreToolCell.h */ = {isa = PBXFileReference; fileEncoding = 4; lastKnownFileType = sourcecode.c.h; path = MoreToolCell.h; sourceTree = "<group>"; };
		9F00623F2192DC75002C7DBC /* NavTarView.m */ = {isa = PBXFileReference; fileEncoding = 4; lastKnownFileType = sourcecode.c.objc; path = NavTarView.m; sourceTree = "<group>"; };
		9F0062402192DC75002C7DBC /* MenuBtnView.h */ = {isa = PBXFileReference; fileEncoding = 4; lastKnownFileType = sourcecode.c.h; path = MenuBtnView.h; sourceTree = "<group>"; };
		9F0062412192DC75002C7DBC /* MenuBtnView.m */ = {isa = PBXFileReference; fileEncoding = 4; lastKnownFileType = sourcecode.c.objc; path = MenuBtnView.m; sourceTree = "<group>"; };
		9F0062422192DC75002C7DBC /* NavTarView.h */ = {isa = PBXFileReference; fileEncoding = 4; lastKnownFileType = sourcecode.c.h; path = NavTarView.h; sourceTree = "<group>"; };
		9F0062432192DC75002C7DBC /* MenuView.h */ = {isa = PBXFileReference; fileEncoding = 4; lastKnownFileType = sourcecode.c.h; path = MenuView.h; sourceTree = "<group>"; };
		9F0062442192DC75002C7DBC /* ToolView.h */ = {isa = PBXFileReference; fileEncoding = 4; lastKnownFileType = sourcecode.c.h; path = ToolView.h; sourceTree = "<group>"; };
		9F0062452192DC75002C7DBC /* ToolView.m */ = {isa = PBXFileReference; fileEncoding = 4; lastKnownFileType = sourcecode.c.objc; path = ToolView.m; sourceTree = "<group>"; };
		9F0062462192DC76002C7DBC /* MenuView.m */ = {isa = PBXFileReference; fileEncoding = 4; lastKnownFileType = sourcecode.c.objc; path = MenuView.m; sourceTree = "<group>"; };
		9F0062472192DC76002C7DBC /* ToolButton.h */ = {isa = PBXFileReference; fileEncoding = 4; lastKnownFileType = sourcecode.c.h; path = ToolButton.h; sourceTree = "<group>"; };
		9F0062482192DC76002C7DBC /* MoreToolView.h */ = {isa = PBXFileReference; fileEncoding = 4; lastKnownFileType = sourcecode.c.h; path = MoreToolView.h; sourceTree = "<group>"; };
		9F0062492192DC76002C7DBC /* MoreToolView.m */ = {isa = PBXFileReference; fileEncoding = 4; lastKnownFileType = sourcecode.c.objc; path = MoreToolView.m; sourceTree = "<group>"; };
		9F00624A2192DC76002C7DBC /* MoreToolCell.m */ = {isa = PBXFileReference; fileEncoding = 4; lastKnownFileType = sourcecode.c.objc; path = MoreToolCell.m; sourceTree = "<group>"; };
		9F0062542192DCA2002C7DBC /* TBCityIconFont.m */ = {isa = PBXFileReference; fileEncoding = 4; lastKnownFileType = sourcecode.c.objc; path = TBCityIconFont.m; sourceTree = "<group>"; };
		9F0062552192DCA2002C7DBC /* TBCityIconInfo.m */ = {isa = PBXFileReference; fileEncoding = 4; lastKnownFileType = sourcecode.c.objc; path = TBCityIconInfo.m; sourceTree = "<group>"; };
		9F0062562192DCA2002C7DBC /* UIImage+TBCityIconFont.m */ = {isa = PBXFileReference; fileEncoding = 4; lastKnownFileType = sourcecode.c.objc; path = "UIImage+TBCityIconFont.m"; sourceTree = "<group>"; };
		9F0062572192DCA2002C7DBC /* TBCityIconInfo.h */ = {isa = PBXFileReference; fileEncoding = 4; lastKnownFileType = sourcecode.c.h; path = TBCityIconInfo.h; sourceTree = "<group>"; };
		9F0062582192DCA2002C7DBC /* TBCityIconFont.h */ = {isa = PBXFileReference; fileEncoding = 4; lastKnownFileType = sourcecode.c.h; path = TBCityIconFont.h; sourceTree = "<group>"; };
		9F0062592192DCA2002C7DBC /* UIImage+TBCityIconFont.h */ = {isa = PBXFileReference; fileEncoding = 4; lastKnownFileType = sourcecode.c.h; path = "UIImage+TBCityIconFont.h"; sourceTree = "<group>"; };
		9F00625B2192DCA2002C7DBC /* FSCustomButton.h */ = {isa = PBXFileReference; fileEncoding = 4; lastKnownFileType = sourcecode.c.h; path = FSCustomButton.h; sourceTree = "<group>"; };
		9F00625C2192DCA2002C7DBC /* CALayer+FSUI.h */ = {isa = PBXFileReference; fileEncoding = 4; lastKnownFileType = sourcecode.c.h; path = "CALayer+FSUI.h"; sourceTree = "<group>"; };
		9F00625D2192DCA2002C7DBC /* FSCommenDefine.h */ = {isa = PBXFileReference; fileEncoding = 4; lastKnownFileType = sourcecode.c.h; path = FSCommenDefine.h; sourceTree = "<group>"; };
		9F00625E2192DCA2002C7DBC /* FSCustomButton.m */ = {isa = PBXFileReference; fileEncoding = 4; lastKnownFileType = sourcecode.c.objc; path = FSCustomButton.m; sourceTree = "<group>"; };
		9F00625F2192DCA2002C7DBC /* CALayer+FSUI.m */ = {isa = PBXFileReference; fileEncoding = 4; lastKnownFileType = sourcecode.c.objc; path = "CALayer+FSUI.m"; sourceTree = "<group>"; };
		9F0062652192DEF3002C7DBC /* THUIHeader.h */ = {isa = PBXFileReference; lastKnownFileType = sourcecode.c.h; path = THUIHeader.h; sourceTree = "<group>"; };
/* End PBXFileReference section */

/* Begin PBXFrameworksBuildPhase section */
		9F00621D2192D184002C7DBC /* Frameworks */ = {
			isa = PBXFrameworksBuildPhase;
			buildActionMask = 2147483647;
			files = (
			);
			runOnlyForDeploymentPostprocessing = 0;
		};
/* End PBXFrameworksBuildPhase section */

/* Begin PBXGroup section */
		9F0062172192D184002C7DBC = {
			isa = PBXGroup;
			children = (
				9F0062222192D184002C7DBC /* THUIDemo */,
				9F0062212192D184002C7DBC /* Products */,
			);
			sourceTree = "<group>";
		};
		9F0062212192D184002C7DBC /* Products */ = {
			isa = PBXGroup;
			children = (
				9F0062202192D184002C7DBC /* THUIDemo.app */,
			);
			name = Products;
			sourceTree = "<group>";
		};
		9F0062222192D184002C7DBC /* THUIDemo */ = {
			isa = PBXGroup;
			children = (
				9F0062392192D19F002C7DBC /* THUI */,
				9F0062232192D184002C7DBC /* AppDelegate.h */,
				9F0062242192D184002C7DBC /* AppDelegate.m */,
				9F0062262192D184002C7DBC /* ViewController.h */,
				9F0062272192D184002C7DBC /* ViewController.m */,
				9F0062292192D184002C7DBC /* Main.storyboard */,
				9F00622C2192D184002C7DBC /* Assets.xcassets */,
				9F00622E2192D184002C7DBC /* LaunchScreen.storyboard */,
				9F0062312192D184002C7DBC /* Info.plist */,
				9F0062322192D184002C7DBC /* main.m */,
			);
			path = THUIDemo;
			sourceTree = "<group>";
		};
		9F0062392192D19F002C7DBC /* THUI */ = {
			isa = PBXGroup;
			children = (
				9F0062652192DEF3002C7DBC /* THUIHeader.h */,
				9F0062522192DCA2002C7DBC /* Vender */,
				9F0062402192DC75002C7DBC /* MenuBtnView.h */,
				9F0062412192DC75002C7DBC /* MenuBtnView.m */,
				9F0062432192DC75002C7DBC /* MenuView.h */,
				9F0062462192DC76002C7DBC /* MenuView.m */,
				9F00623E2192DC75002C7DBC /* MoreToolCell.h */,
				9F00624A2192DC76002C7DBC /* MoreToolCell.m */,
				9F0062482192DC76002C7DBC /* MoreToolView.h */,
				9F0062492192DC76002C7DBC /* MoreToolView.m */,
				9F0062422192DC75002C7DBC /* NavTarView.h */,
				9F00623F2192DC75002C7DBC /* NavTarView.m */,
				9F0062472192DC76002C7DBC /* ToolButton.h */,
				9F00623D2192DC75002C7DBC /* ToolButton.m */,
				9F0062442192DC75002C7DBC /* ToolView.h */,
				9F0062452192DC75002C7DBC /* ToolView.m */,
			);
			path = THUI;
			sourceTree = "<group>";
		};
		9F0062522192DCA2002C7DBC /* Vender */ = {
			isa = PBXGroup;
			children = (
				9F0062532192DCA2002C7DBC /* IconFont */,
				9F00625A2192DCA2002C7DBC /* FSCustomBUtton */,
			);
			path = Vender;
			sourceTree = "<group>";
		};
		9F0062532192DCA2002C7DBC /* IconFont */ = {
			isa = PBXGroup;
			children = (
				9F0062542192DCA2002C7DBC /* TBCityIconFont.m */,
				9F0062552192DCA2002C7DBC /* TBCityIconInfo.m */,
				9F0062562192DCA2002C7DBC /* UIImage+TBCityIconFont.m */,
				9F0062572192DCA2002C7DBC /* TBCityIconInfo.h */,
				9F0062582192DCA2002C7DBC /* TBCityIconFont.h */,
				9F0062592192DCA2002C7DBC /* UIImage+TBCityIconFont.h */,
			);
			path = IconFont;
			sourceTree = "<group>";
		};
		9F00625A2192DCA2002C7DBC /* FSCustomBUtton */ = {
			isa = PBXGroup;
			children = (
				9F00625B2192DCA2002C7DBC /* FSCustomButton.h */,
				9F00625C2192DCA2002C7DBC /* CALayer+FSUI.h */,
				9F00625D2192DCA2002C7DBC /* FSCommenDefine.h */,
				9F00625E2192DCA2002C7DBC /* FSCustomButton.m */,
				9F00625F2192DCA2002C7DBC /* CALayer+FSUI.m */,
			);
			path = FSCustomBUtton;
			sourceTree = "<group>";
		};
/* End PBXGroup section */

/* Begin PBXNativeTarget section */
		9F00621F2192D184002C7DBC /* THUIDemo */ = {
			isa = PBXNativeTarget;
			buildConfigurationList = 9F0062362192D184002C7DBC /* Build configuration list for PBXNativeTarget "THUIDemo" */;
			buildPhases = (
				9F00621C2192D184002C7DBC /* Sources */,
				9F00621D2192D184002C7DBC /* Frameworks */,
				9F00621E2192D184002C7DBC /* Resources */,
			);
			buildRules = (
			);
			dependencies = (
			);
			name = THUIDemo;
			productName = THUIDemo;
			productReference = 9F0062202192D184002C7DBC /* THUIDemo.app */;
			productType = "com.apple.product-type.application";
		};
/* End PBXNativeTarget section */

/* Begin PBXProject section */
		9F0062182192D184002C7DBC /* Project object */ = {
			isa = PBXProject;
			attributes = {
				LastUpgradeCheck = 1010;
				ORGANIZATIONNAME = TonghuiMac;
				TargetAttributes = {
					9F00621F2192D184002C7DBC = {
						CreatedOnToolsVersion = 10.1;
					};
				};
			};
			buildConfigurationList = 9F00621B2192D184002C7DBC /* Build configuration list for PBXProject "THUIDemo" */;
			compatibilityVersion = "Xcode 9.3";
			developmentRegion = en;
			hasScannedForEncodings = 0;
			knownRegions = (
				en,
				Base,
			);
			mainGroup = 9F0062172192D184002C7DBC;
			productRefGroup = 9F0062212192D184002C7DBC /* Products */;
			projectDirPath = "";
			projectRoot = "";
			targets = (
				9F00621F2192D184002C7DBC /* THUIDemo */,
			);
		};
/* End PBXProject section */

/* Begin PBXResourcesBuildPhase section */
		9F00621E2192D184002C7DBC /* Resources */ = {
			isa = PBXResourcesBuildPhase;
			buildActionMask = 2147483647;
			files = (
				9F0062302192D184002C7DBC /* LaunchScreen.storyboard in Resources */,
				9F00622D2192D184002C7DBC /* Assets.xcassets in Resources */,
				9F00622B2192D184002C7DBC /* Main.storyboard in Resources */,
			);
			runOnlyForDeploymentPostprocessing = 0;
		};
/* End PBXResourcesBuildPhase section */

/* Begin PBXSourcesBuildPhase section */
		9F00621C2192D184002C7DBC /* Sources */ = {
			isa = PBXSourcesBuildPhase;
			buildActionMask = 2147483647;
			files = (
				9F0062282192D184002C7DBC /* ViewController.m in Sources */,
				9F0062632192DCA2002C7DBC /* FSCustomButton.m in Sources */,
				9F00624B2192DC76002C7DBC /* ToolButton.m in Sources */,
				9F0062642192DCA2002C7DBC /* CALayer+FSUI.m in Sources */,
				9F0062622192DCA2002C7DBC /* UIImage+TBCityIconFont.m in Sources */,
				9F00624F2192DC76002C7DBC /* MenuView.m in Sources */,
				9F00624C2192DC76002C7DBC /* NavTarView.m in Sources */,
				9F0062512192DC76002C7DBC /* MoreToolCell.m in Sources */,
				9F0062602192DCA2002C7DBC /* TBCityIconFont.m in Sources */,
				9F0062502192DC76002C7DBC /* MoreToolView.m in Sources */,
				9F00624D2192DC76002C7DBC /* MenuBtnView.m in Sources */,
				9F0062332192D184002C7DBC /* main.m in Sources */,
				9F00624E2192DC76002C7DBC /* ToolView.m in Sources */,
				9F0062252192D184002C7DBC /* AppDelegate.m in Sources */,
				9F0062612192DCA2002C7DBC /* TBCityIconInfo.m in Sources */,
			);
			runOnlyForDeploymentPostprocessing = 0;
		};
/* End PBXSourcesBuildPhase section */

/* Begin PBXVariantGroup section */
		9F0062292192D184002C7DBC /* Main.storyboard */ = {
			isa = PBXVariantGroup;
			children = (
				9F00622A2192D184002C7DBC /* Base */,
			);
			name = Main.storyboard;
			sourceTree = "<group>";
		};
		9F00622E2192D184002C7DBC /* LaunchScreen.storyboard */ = {
			isa = PBXVariantGroup;
			children = (
				9F00622F2192D184002C7DBC /* Base */,
			);
			name = LaunchScreen.storyboard;
			sourceTree = "<group>";
		};
/* End PBXVariantGroup section */

/* Begin XCBuildConfiguration section */
		9F0062342192D184002C7DBC /* Debug */ = {
			isa = XCBuildConfiguration;
			buildSettings = {
				ALWAYS_SEARCH_USER_PATHS = NO;
				CLANG_ANALYZER_NONNULL = YES;
				CLANG_ANALYZER_NUMBER_OBJECT_CONVERSION = YES_AGGRESSIVE;
				CLANG_CXX_LANGUAGE_STANDARD = "gnu++14";
				CLANG_CXX_LIBRARY = "libc++";
				CLANG_ENABLE_MODULES = YES;
				CLANG_ENABLE_OBJC_ARC = YES;
				CLANG_ENABLE_OBJC_WEAK = YES;
				CLANG_WARN_BLOCK_CAPTURE_AUTORELEASING = YES;
				CLANG_WARN_BOOL_CONVERSION = YES;
				CLANG_WARN_COMMA = YES;
				CLANG_WARN_CONSTANT_CONVERSION = YES;
				CLANG_WARN_DEPRECATED_OBJC_IMPLEMENTATIONS = YES;
				CLANG_WARN_DIRECT_OBJC_ISA_USAGE = YES_ERROR;
				CLANG_WARN_DOCUMENTATION_COMMENTS = YES;
				CLANG_WARN_EMPTY_BODY = YES;
				CLANG_WARN_ENUM_CONVERSION = YES;
				CLANG_WARN_INFINITE_RECURSION = YES;
				CLANG_WARN_INT_CONVERSION = YES;
				CLANG_WARN_NON_LITERAL_NULL_CONVERSION = YES;
				CLANG_WARN_OBJC_IMPLICIT_RETAIN_SELF = YES;
				CLANG_WARN_OBJC_LITERAL_CONVERSION = YES;
				CLANG_WARN_OBJC_ROOT_CLASS = YES_ERROR;
				CLANG_WARN_RANGE_LOOP_ANALYSIS = YES;
				CLANG_WARN_STRICT_PROTOTYPES = YES;
				CLANG_WARN_SUSPICIOUS_MOVE = YES;
				CLANG_WARN_UNGUARDED_AVAILABILITY = YES_AGGRESSIVE;
				CLANG_WARN_UNREACHABLE_CODE = YES;
				CLANG_WARN__DUPLICATE_METHOD_MATCH = YES;
				CODE_SIGN_IDENTITY = "iPhone Developer";
				COPY_PHASE_STRIP = NO;
				DEBUG_INFORMATION_FORMAT = dwarf;
				ENABLE_STRICT_OBJC_MSGSEND = YES;
				ENABLE_TESTABILITY = YES;
				GCC_C_LANGUAGE_STANDARD = gnu11;
				GCC_DYNAMIC_NO_PIC = NO;
				GCC_NO_COMMON_BLOCKS = YES;
				GCC_OPTIMIZATION_LEVEL = 0;
				GCC_PREPROCESSOR_DEFINITIONS = (
					"DEBUG=1",
					"$(inherited)",
				);
				GCC_WARN_64_TO_32_BIT_CONVERSION = YES;
				GCC_WARN_ABOUT_RETURN_TYPE = YES_ERROR;
				GCC_WARN_UNDECLARED_SELECTOR = YES;
				GCC_WARN_UNINITIALIZED_AUTOS = YES_AGGRESSIVE;
				GCC_WARN_UNUSED_FUNCTION = YES;
				GCC_WARN_UNUSED_VARIABLE = YES;
				IPHONEOS_DEPLOYMENT_TARGET = 12.1;
				MTL_ENABLE_DEBUG_INFO = INCLUDE_SOURCE;
				MTL_FAST_MATH = YES;
				ONLY_ACTIVE_ARCH = YES;
				SDKROOT = iphoneos;
			};
			name = Debug;
		};
		9F0062352192D184002C7DBC /* Release */ = {
			isa = XCBuildConfiguration;
			buildSettings = {
				ALWAYS_SEARCH_USER_PATHS = NO;
				CLANG_ANALYZER_NONNULL = YES;
				CLANG_ANALYZER_NUMBER_OBJECT_CONVERSION = YES_AGGRESSIVE;
				CLANG_CXX_LANGUAGE_STANDARD = "gnu++14";
				CLANG_CXX_LIBRARY = "libc++";
				CLANG_ENABLE_MODULES = YES;
				CLANG_ENABLE_OBJC_ARC = YES;
				CLANG_ENABLE_OBJC_WEAK = YES;
				CLANG_WARN_BLOCK_CAPTURE_AUTORELEASING = YES;
				CLANG_WARN_BOOL_CONVERSION = YES;
				CLANG_WARN_COMMA = YES;
				CLANG_WARN_CONSTANT_CONVERSION = YES;
				CLANG_WARN_DEPRECATED_OBJC_IMPLEMENTATIONS = YES;
				CLANG_WARN_DIRECT_OBJC_ISA_USAGE = YES_ERROR;
				CLANG_WARN_DOCUMENTATION_COMMENTS = YES;
				CLANG_WARN_EMPTY_BODY = YES;
				CLANG_WARN_ENUM_CONVERSION = YES;
				CLANG_WARN_INFINITE_RECURSION = YES;
				CLANG_WARN_INT_CONVERSION = YES;
				CLANG_WARN_NON_LITERAL_NULL_CONVERSION = YES;
				CLANG_WARN_OBJC_IMPLICIT_RETAIN_SELF = YES;
				CLANG_WARN_OBJC_LITERAL_CONVERSION = YES;
				CLANG_WARN_OBJC_ROOT_CLASS = YES_ERROR;
				CLANG_WARN_RANGE_LOOP_ANALYSIS = YES;
				CLANG_WARN_STRICT_PROTOTYPES = YES;
				CLANG_WARN_SUSPICIOUS_MOVE = YES;
				CLANG_WARN_UNGUARDED_AVAILABILITY = YES_AGGRESSIVE;
				CLANG_WARN_UNREACHABLE_CODE = YES;
				CLANG_WARN__DUPLICATE_METHOD_MATCH = YES;
				CODE_SIGN_IDENTITY = "iPhone Developer";
				COPY_PHASE_STRIP = NO;
				DEBUG_INFORMATION_FORMAT = "dwarf-with-dsym";
				ENABLE_NS_ASSERTIONS = NO;
				ENABLE_STRICT_OBJC_MSGSEND = YES;
				GCC_C_LANGUAGE_STANDARD = gnu11;
				GCC_NO_COMMON_BLOCKS = YES;
				GCC_WARN_64_TO_32_BIT_CONVERSION = YES;
				GCC_WARN_ABOUT_RETURN_TYPE = YES_ERROR;
				GCC_WARN_UNDECLARED_SELECTOR = YES;
				GCC_WARN_UNINITIALIZED_AUTOS = YES_AGGRESSIVE;
				GCC_WARN_UNUSED_FUNCTION = YES;
				GCC_WARN_UNUSED_VARIABLE = YES;
				IPHONEOS_DEPLOYMENT_TARGET = 12.1;
				MTL_ENABLE_DEBUG_INFO = NO;
				MTL_FAST_MATH = YES;
				SDKROOT = iphoneos;
				VALIDATE_PRODUCT = YES;
			};
			name = Release;
		};
		9F0062372192D184002C7DBC /* Debug */ = {
			isa = XCBuildConfiguration;
			buildSettings = {
				ASSETCATALOG_COMPILER_APPICON_NAME = AppIcon;
				CODE_SIGN_STYLE = Automatic;
				INFOPLIST_FILE = THUIDemo/Info.plist;
				LD_RUNPATH_SEARCH_PATHS = (
					"$(inherited)",
					"@executable_path/Frameworks",
				);
				PRODUCT_BUNDLE_IDENTIFIER = Tonghui.THUIDemo;
				PRODUCT_NAME = "$(TARGET_NAME)";
				TARGETED_DEVICE_FAMILY = "1,2";
			};
			name = Debug;
		};
		9F0062382192D184002C7DBC /* Release */ = {
			isa = XCBuildConfiguration;
			buildSettings = {
				ASSETCATALOG_COMPILER_APPICON_NAME = AppIcon;
				CODE_SIGN_STYLE = Automatic;
				INFOPLIST_FILE = THUIDemo/Info.plist;
				LD_RUNPATH_SEARCH_PATHS = (
					"$(inherited)",
					"@executable_path/Frameworks",
				);
				PRODUCT_BUNDLE_IDENTIFIER = Tonghui.THUIDemo;
				PRODUCT_NAME = "$(TARGET_NAME)";
				TARGETED_DEVICE_FAMILY = "1,2";
			};
			name = Release;
		};
/* End XCBuildConfiguration section */

/* Begin XCConfigurationList section */
		9F00621B2192D184002C7DBC /* Build configuration list for PBXProject "THUIDemo" */ = {
			isa = XCConfigurationList;
			buildConfigurations = (
				9F0062342192D184002C7DBC /* Debug */,
				9F0062352192D184002C7DBC /* Release */,
			);
			defaultConfigurationIsVisible = 0;
			defaultConfigurationName = Release;
		};
		9F0062362192D184002C7DBC /* Build configuration list for PBXNativeTarget "THUIDemo" */ = {
			isa = XCConfigurationList;
			buildConfigurations = (
				9F0062372192D184002C7DBC /* Debug */,
				9F0062382192D184002C7DBC /* Release */,
			);
			defaultConfigurationIsVisible = 0;
			defaultConfigurationName = Release;
		};
/* End XCConfigurationList section */
	};
	rootObject = 9F0062182192D184002C7DBC /* Project object */;
}
